
Microsoft Visual Studio Solution File, Format Version 12.00
# Visual Studio Version 17
VisualStudioVersion = 17.3.32922.545
MinimumVisualStudioVersion = 10.0.40219.1
Project("{FAE04EC0-301F-11D3-BF4B-00C04F79EFBC}") = "Variabales_Constantes", "Variabales_Constantes.csproj", "{EDC8E291-ECA7-437F-8690-218F8823F7C2}"
EndProject
Global
	GlobalSection(SolutionConfigurationPlatforms) = preSolution
		Debug|Any CPU = Debug|Any CPU
		Release|Any CPU = Release|Any CPU
	EndGlobalSection
	GlobalSection(ProjectConfigurationPlatforms) = postSolution
		{EDC8E291-ECA7-437F-8690-218F8823F7C2}.Debug|Any CPU.ActiveCfg = Debug|Any CPU
		{EDC8E291-ECA7-437F-8690-218F8823F7C2}.Debug|Any CPU.Build.0 = Debug|Any CPU
		{EDC8E291-ECA7-437F-8690-218F8823F7C2}.Release|Any CPU.ActiveCfg = Release|Any CPU
		{EDC8E291-ECA7-437F-8690-218F8823F7C2}.Release|Any CPU.Build.0 = Release|Any CPU
	EndGlobalSection
	GlobalSection(SolutionProperties) = preSolution
		HideSolutionNode = FALSE
	EndGlobalSection
	GlobalSection(ExtensibilityGlobals) = postSolution
		SolutionGuid = {07E3F95E-8BB0-410F-9853-86D2AF9DB640}
	EndGlobalSection
EndGlobal
