
Microsoft Visual Studio Solution File, Format Version 12.00
# Visual Studio Version 17
VisualStudioVersion = 17.3.32922.545
MinimumVisualStudioVersion = 10.0.40219.1
Project("{FAE04EC0-301F-11D3-BF4B-00C04F79EFBC}") = "Vectores", "Vectores.csproj", "{A139E389-8AB0-4C66-9D05-A8F7A09A95B1}"
EndProject
Global
	GlobalSection(SolutionConfigurationPlatforms) = preSolution
		Debug|Any CPU = Debug|Any CPU
		Release|Any CPU = Release|Any CPU
	EndGlobalSection
	GlobalSection(ProjectConfigurationPlatforms) = postSolution
		{A139E389-8AB0-4C66-9D05-A8F7A09A95B1}.Debug|Any CPU.ActiveCfg = Debug|Any CPU
		{A139E389-8AB0-4C66-9D05-A8F7A09A95B1}.Debug|Any CPU.Build.0 = Debug|Any CPU
		{A139E389-8AB0-4C66-9D05-A8F7A09A95B1}.Release|Any CPU.ActiveCfg = Release|Any CPU
		{A139E389-8AB0-4C66-9D05-A8F7A09A95B1}.Release|Any CPU.Build.0 = Release|Any CPU
	EndGlobalSection
	GlobalSection(SolutionProperties) = preSolution
		HideSolutionNode = FALSE
	EndGlobalSection
	GlobalSection(ExtensibilityGlobals) = postSolution
		SolutionGuid = {3F773031-FFF6-479F-9DE6-86905495E104}
	EndGlobalSection
EndGlobal
