
Microsoft Visual Studio Solution File, Format Version 12.00
# Visual Studio Version 17
VisualStudioVersion = 17.3.32922.545
MinimumVisualStudioVersion = 10.0.40219.1
Project("{FAE04EC0-301F-11D3-BF4B-00C04F79EFBC}") = "Operadorelacionales", "Operadorelacionales.csproj", "{AB1D4D36-7128-4E9E-9D4E-D8876556BB50}"
EndProject
Global
	GlobalSection(SolutionConfigurationPlatforms) = preSolution
		Debug|Any CPU = Debug|Any CPU
		Release|Any CPU = Release|Any CPU
	EndGlobalSection
	GlobalSection(ProjectConfigurationPlatforms) = postSolution
		{AB1D4D36-7128-4E9E-9D4E-D8876556BB50}.Debug|Any CPU.ActiveCfg = Debug|Any CPU
		{AB1D4D36-7128-4E9E-9D4E-D8876556BB50}.Debug|Any CPU.Build.0 = Debug|Any CPU
		{AB1D4D36-7128-4E9E-9D4E-D8876556BB50}.Release|Any CPU.ActiveCfg = Release|Any CPU
		{AB1D4D36-7128-4E9E-9D4E-D8876556BB50}.Release|Any CPU.Build.0 = Release|Any CPU
	EndGlobalSection
	GlobalSection(SolutionProperties) = preSolution
		HideSolutionNode = FALSE
	EndGlobalSection
	GlobalSection(ExtensibilityGlobals) = postSolution
		SolutionGuid = {47288A14-BDA6-4AD3-BAFF-539BF84A4AF3}
	EndGlobalSection
EndGlobal
