
Microsoft Visual Studio Solution File, Format Version 12.00
# Visual Studio Version 17
VisualStudioVersion = 17.3.32922.545
MinimumVisualStudioVersion = 10.0.40219.1
Project("{FAE04EC0-301F-11D3-BF4B-00C04F79EFBC}") = "WinFormsApp", "WinFormsApp.csproj", "{BDCCBD06-798E-478F-B450-798920AD8C90}"
EndProject
Global
	GlobalSection(SolutionConfigurationPlatforms) = preSolution
		Debug|Any CPU = Debug|Any CPU
		Release|Any CPU = Release|Any CPU
	EndGlobalSection
	GlobalSection(ProjectConfigurationPlatforms) = postSolution
		{BDCCBD06-798E-478F-B450-798920AD8C90}.Debug|Any CPU.ActiveCfg = Debug|Any CPU
		{BDCCBD06-798E-478F-B450-798920AD8C90}.Debug|Any CPU.Build.0 = Debug|Any CPU
		{BDCCBD06-798E-478F-B450-798920AD8C90}.Release|Any CPU.ActiveCfg = Release|Any CPU
		{BDCCBD06-798E-478F-B450-798920AD8C90}.Release|Any CPU.Build.0 = Release|Any CPU
	EndGlobalSection
	GlobalSection(SolutionProperties) = preSolution
		HideSolutionNode = FALSE
	EndGlobalSection
	GlobalSection(ExtensibilityGlobals) = postSolution
		SolutionGuid = {4FCEF756-86B1-46EE-BA25-4000DDE31002}
	EndGlobalSection
EndGlobal
