
Microsoft Visual Studio Solution File, Format Version 12.00
# Visual Studio Version 17
VisualStudioVersion = 17.3.32922.545
MinimumVisualStudioVersion = 10.0.40219.1
Project("{FAE04EC0-301F-11D3-BF4B-00C04F79EFBC}") = "matriz_cero1", "matriz_cero1.csproj", "{C224A20B-AFDE-47E6-A837-D7F3048DB7B6}"
EndProject
Global
	GlobalSection(SolutionConfigurationPlatforms) = preSolution
		Debug|Any CPU = Debug|Any CPU
		Release|Any CPU = Release|Any CPU
	EndGlobalSection
	GlobalSection(ProjectConfigurationPlatforms) = postSolution
		{C224A20B-AFDE-47E6-A837-D7F3048DB7B6}.Debug|Any CPU.ActiveCfg = Debug|Any CPU
		{C224A20B-AFDE-47E6-A837-D7F3048DB7B6}.Debug|Any CPU.Build.0 = Debug|Any CPU
		{C224A20B-AFDE-47E6-A837-D7F3048DB7B6}.Release|Any CPU.ActiveCfg = Release|Any CPU
		{C224A20B-AFDE-47E6-A837-D7F3048DB7B6}.Release|Any CPU.Build.0 = Release|Any CPU
	EndGlobalSection
	GlobalSection(SolutionProperties) = preSolution
		HideSolutionNode = FALSE
	EndGlobalSection
	GlobalSection(ExtensibilityGlobals) = postSolution
		SolutionGuid = {F1F28003-945D-4F0E-8C5D-343C92978188}
	EndGlobalSection
EndGlobal
