
Microsoft Visual Studio Solution File, Format Version 12.00
# Visual Studio Version 17
VisualStudioVersion = 17.3.32922.545
MinimumVisualStudioVersion = 10.0.40219.1
Project("{FAE04EC0-301F-11D3-BF4B-00C04F79EFBC}") = "matriz_semetrica", "matriz_semetrica.csproj", "{B7355C5B-BE0B-4868-9927-132FC753839C}"
EndProject
Global
	GlobalSection(SolutionConfigurationPlatforms) = preSolution
		Debug|Any CPU = Debug|Any CPU
		Release|Any CPU = Release|Any CPU
	EndGlobalSection
	GlobalSection(ProjectConfigurationPlatforms) = postSolution
		{B7355C5B-BE0B-4868-9927-132FC753839C}.Debug|Any CPU.ActiveCfg = Debug|Any CPU
		{B7355C5B-BE0B-4868-9927-132FC753839C}.Debug|Any CPU.Build.0 = Debug|Any CPU
		{B7355C5B-BE0B-4868-9927-132FC753839C}.Release|Any CPU.ActiveCfg = Release|Any CPU
		{B7355C5B-BE0B-4868-9927-132FC753839C}.Release|Any CPU.Build.0 = Release|Any CPU
	EndGlobalSection
	GlobalSection(SolutionProperties) = preSolution
		HideSolutionNode = FALSE
	EndGlobalSection
	GlobalSection(ExtensibilityGlobals) = postSolution
		SolutionGuid = {F593F2CA-599C-4878-B327-A78D74E565D0}
	EndGlobalSection
EndGlobal
