
Microsoft Visual Studio Solution File, Format Version 12.00
# Visual Studio Version 17
VisualStudioVersion = 17.3.32922.545
MinimumVisualStudioVersion = 10.0.40219.1
Project("{FAE04EC0-301F-11D3-BF4B-00C04F79EFBC}") = "Carga_automatica_matriz", "Carga_automatica_matriz.csproj", "{3F919B26-4AFF-48F2-842F-99867D9F8C1B}"
EndProject
Global
	GlobalSection(SolutionConfigurationPlatforms) = preSolution
		Debug|Any CPU = Debug|Any CPU
		Release|Any CPU = Release|Any CPU
	EndGlobalSection
	GlobalSection(ProjectConfigurationPlatforms) = postSolution
		{3F919B26-4AFF-48F2-842F-99867D9F8C1B}.Debug|Any CPU.ActiveCfg = Debug|Any CPU
		{3F919B26-4AFF-48F2-842F-99867D9F8C1B}.Debug|Any CPU.Build.0 = Debug|Any CPU
		{3F919B26-4AFF-48F2-842F-99867D9F8C1B}.Release|Any CPU.ActiveCfg = Release|Any CPU
		{3F919B26-4AFF-48F2-842F-99867D9F8C1B}.Release|Any CPU.Build.0 = Release|Any CPU
	EndGlobalSection
	GlobalSection(SolutionProperties) = preSolution
		HideSolutionNode = FALSE
	EndGlobalSection
	GlobalSection(ExtensibilityGlobals) = postSolution
		SolutionGuid = {92E135DC-13D9-460B-A2B2-7085338268EC}
	EndGlobalSection
EndGlobal
