
Microsoft Visual Studio Solution File, Format Version 12.00
# Visual Studio Version 17
VisualStudioVersion = 17.3.32922.545
MinimumVisualStudioVersion = 10.0.40219.1
Project("{FAE04EC0-301F-11D3-BF4B-00C04F79EFBC}") = "Estructura_Selectiva", "Estructura_Selectiva.csproj", "{AB20D7D6-A775-4B45-81F3-BE35A04BBECF}"
EndProject
Global
	GlobalSection(SolutionConfigurationPlatforms) = preSolution
		Debug|Any CPU = Debug|Any CPU
		Release|Any CPU = Release|Any CPU
	EndGlobalSection
	GlobalSection(ProjectConfigurationPlatforms) = postSolution
		{AB20D7D6-A775-4B45-81F3-BE35A04BBECF}.Debug|Any CPU.ActiveCfg = Debug|Any CPU
		{AB20D7D6-A775-4B45-81F3-BE35A04BBECF}.Debug|Any CPU.Build.0 = Debug|Any CPU
		{AB20D7D6-A775-4B45-81F3-BE35A04BBECF}.Release|Any CPU.ActiveCfg = Release|Any CPU
		{AB20D7D6-A775-4B45-81F3-BE35A04BBECF}.Release|Any CPU.Build.0 = Release|Any CPU
	EndGlobalSection
	GlobalSection(SolutionProperties) = preSolution
		HideSolutionNode = FALSE
	EndGlobalSection
	GlobalSection(ExtensibilityGlobals) = postSolution
		SolutionGuid = {7D3A2933-6C35-4EF1-9612-EDF4E6C64AE7}
	EndGlobalSection
EndGlobal
