
Microsoft Visual Studio Solution File, Format Version 12.00
# Visual Studio Version 17
VisualStudioVersion = 17.3.32922.545
MinimumVisualStudioVersion = 10.0.40219.1
Project("{9A19103F-16F7-4668-BE54-9A1E7A4F7556}") = "Interfax_Grafica", "Interfax_Grafica.csproj", "{A8EC89EE-BA3B-41F9-9F18-08EA274CA349}"
EndProject
Project("{FAE04EC0-301F-11D3-BF4B-00C04F79EFBC}") = "WinFormsApp2", "..\WinFormsApp2\WinFormsApp2.csproj", "{AB930B6B-C5CB-4162-A3B2-C6E8BD0D061F}"
EndProject
Global
	GlobalSection(SolutionConfigurationPlatforms) = preSolution
		Debug|Any CPU = Debug|Any CPU
		Release|Any CPU = Release|Any CPU
	EndGlobalSection
	GlobalSection(ProjectConfigurationPlatforms) = postSolution
		{A8EC89EE-BA3B-41F9-9F18-08EA274CA349}.Debug|Any CPU.ActiveCfg = Debug|Any CPU
		{A8EC89EE-BA3B-41F9-9F18-08EA274CA349}.Debug|Any CPU.Build.0 = Debug|Any CPU
		{A8EC89EE-BA3B-41F9-9F18-08EA274CA349}.Release|Any CPU.ActiveCfg = Release|Any CPU
		{A8EC89EE-BA3B-41F9-9F18-08EA274CA349}.Release|Any CPU.Build.0 = Release|Any CPU
		{AB930B6B-C5CB-4162-A3B2-C6E8BD0D061F}.Debug|Any CPU.ActiveCfg = Debug|Any CPU
		{AB930B6B-C5CB-4162-A3B2-C6E8BD0D061F}.Debug|Any CPU.Build.0 = Debug|Any CPU
		{AB930B6B-C5CB-4162-A3B2-C6E8BD0D061F}.Release|Any CPU.ActiveCfg = Release|Any CPU
		{AB930B6B-C5CB-4162-A3B2-C6E8BD0D061F}.Release|Any CPU.Build.0 = Release|Any CPU
	EndGlobalSection
	GlobalSection(SolutionProperties) = preSolution
		HideSolutionNode = FALSE
	EndGlobalSection
	GlobalSection(ExtensibilityGlobals) = postSolution
		SolutionGuid = {3303E5BD-AE31-480E-82CC-25F1BA5C2135}
	EndGlobalSection
EndGlobal
